
Microsoft Visual Studio Solution File, Format Version 12.00
# Visual Studio Version 17
VisualStudioVersion = 17.6.33723.286
MinimumVisualStudioVersion = 10.0.40219.1
Project("{FAE04EC0-301F-11D3-BF4B-00C04F79EFBC}") = "MvcFoad2024_2", "MvcFoad2024_2\MvcFoad2024_2.csproj", "{245F8DC9-4348-421C-B34C-82812A9E84DA}"
EndProject
Project("{FAE04EC0-301F-11D3-BF4B-00C04F79EFBC}") = "WebFormFoad2024", "WebFormFoad2024\WebFormFoad2024.csproj", "{64A1F4B9-845F-4752-A796-2300460DC073}"
EndProject
Project("{FAE04EC0-301F-11D3-BF4B-00C04F79EFBC}") = "MyApp", "MyApp\MyApp.csproj", "{406FD412-B505-4D0C-BF31-8BA01BA61F64}"
EndProject
Global
	GlobalSection(SolutionConfigurationPlatforms) = preSolution
		Debug|Any CPU = Debug|Any CPU
		Debug|ARM64 = Debug|ARM64
		Debug|x64 = Debug|x64
		Debug|x86 = Debug|x86
		Release|Any CPU = Release|Any CPU
		Release|ARM64 = Release|ARM64
		Release|x64 = Release|x64
		Release|x86 = Release|x86
	EndGlobalSection
	GlobalSection(ProjectConfigurationPlatforms) = postSolution
		{245F8DC9-4348-421C-B34C-82812A9E84DA}.Debug|Any CPU.ActiveCfg = Debug|ARM64
		{245F8DC9-4348-421C-B34C-82812A9E84DA}.Debug|Any CPU.Build.0 = Debug|ARM64
		{245F8DC9-4348-421C-B34C-82812A9E84DA}.Debug|ARM64.ActiveCfg = Debug|ARM64
		{245F8DC9-4348-421C-B34C-82812A9E84DA}.Debug|ARM64.Build.0 = Debug|ARM64
		{245F8DC9-4348-421C-B34C-82812A9E84DA}.Debug|x64.ActiveCfg = Debug|x64
		{245F8DC9-4348-421C-B34C-82812A9E84DA}.Debug|x64.Build.0 = Debug|x64
		{245F8DC9-4348-421C-B34C-82812A9E84DA}.Debug|x86.ActiveCfg = Debug|x86
		{245F8DC9-4348-421C-B34C-82812A9E84DA}.Debug|x86.Build.0 = Debug|x86
		{245F8DC9-4348-421C-B34C-82812A9E84DA}.Release|Any CPU.ActiveCfg = Release|Any CPU
		{245F8DC9-4348-421C-B34C-82812A9E84DA}.Release|Any CPU.Build.0 = Release|Any CPU
		{245F8DC9-4348-421C-B34C-82812A9E84DA}.Release|ARM64.ActiveCfg = Release|ARM64
		{245F8DC9-4348-421C-B34C-82812A9E84DA}.Release|ARM64.Build.0 = Release|ARM64
		{245F8DC9-4348-421C-B34C-82812A9E84DA}.Release|x64.ActiveCfg = Release|x64
		{245F8DC9-4348-421C-B34C-82812A9E84DA}.Release|x64.Build.0 = Release|x64
		{245F8DC9-4348-421C-B34C-82812A9E84DA}.Release|x86.ActiveCfg = Release|x86
		{245F8DC9-4348-421C-B34C-82812A9E84DA}.Release|x86.Build.0 = Release|x86
		{64A1F4B9-845F-4752-A796-2300460DC073}.Debug|Any CPU.ActiveCfg = Debug|Any CPU
		{64A1F4B9-845F-4752-A796-2300460DC073}.Debug|Any CPU.Build.0 = Debug|Any CPU
		{64A1F4B9-845F-4752-A796-2300460DC073}.Debug|ARM64.ActiveCfg = Debug|ARM64
		{64A1F4B9-845F-4752-A796-2300460DC073}.Debug|ARM64.Build.0 = Debug|ARM64
		{64A1F4B9-845F-4752-A796-2300460DC073}.Debug|x64.ActiveCfg = Debug|x64
		{64A1F4B9-845F-4752-A796-2300460DC073}.Debug|x64.Build.0 = Debug|x64
		{64A1F4B9-845F-4752-A796-2300460DC073}.Debug|x86.ActiveCfg = Debug|x86
		{64A1F4B9-845F-4752-A796-2300460DC073}.Debug|x86.Build.0 = Debug|x86
		{64A1F4B9-845F-4752-A796-2300460DC073}.Release|Any CPU.ActiveCfg = Release|Any CPU
		{64A1F4B9-845F-4752-A796-2300460DC073}.Release|Any CPU.Build.0 = Release|Any CPU
		{64A1F4B9-845F-4752-A796-2300460DC073}.Release|ARM64.ActiveCfg = Release|ARM64
		{64A1F4B9-845F-4752-A796-2300460DC073}.Release|ARM64.Build.0 = Release|ARM64
		{64A1F4B9-845F-4752-A796-2300460DC073}.Release|x64.ActiveCfg = Release|x64
		{64A1F4B9-845F-4752-A796-2300460DC073}.Release|x64.Build.0 = Release|x64
		{64A1F4B9-845F-4752-A796-2300460DC073}.Release|x86.ActiveCfg = Release|x86
		{64A1F4B9-845F-4752-A796-2300460DC073}.Release|x86.Build.0 = Release|x86
		{406FD412-B505-4D0C-BF31-8BA01BA61F64}.Debug|Any CPU.ActiveCfg = Debug|Any CPU
		{406FD412-B505-4D0C-BF31-8BA01BA61F64}.Debug|Any CPU.Build.0 = Debug|Any CPU
		{406FD412-B505-4D0C-BF31-8BA01BA61F64}.Debug|ARM64.ActiveCfg = Debug|Any CPU
		{406FD412-B505-4D0C-BF31-8BA01BA61F64}.Debug|ARM64.Build.0 = Debug|Any CPU
		{406FD412-B505-4D0C-BF31-8BA01BA61F64}.Debug|x64.ActiveCfg = Debug|Any CPU
		{406FD412-B505-4D0C-BF31-8BA01BA61F64}.Debug|x64.Build.0 = Debug|Any CPU
		{406FD412-B505-4D0C-BF31-8BA01BA61F64}.Debug|x86.ActiveCfg = Debug|Any CPU
		{406FD412-B505-4D0C-BF31-8BA01BA61F64}.Debug|x86.Build.0 = Debug|Any CPU
		{406FD412-B505-4D0C-BF31-8BA01BA61F64}.Release|Any CPU.ActiveCfg = Release|Any CPU
		{406FD412-B505-4D0C-BF31-8BA01BA61F64}.Release|Any CPU.Build.0 = Release|Any CPU
		{406FD412-B505-4D0C-BF31-8BA01BA61F64}.Release|ARM64.ActiveCfg = Release|Any CPU
		{406FD412-B505-4D0C-BF31-8BA01BA61F64}.Release|ARM64.Build.0 = Release|Any CPU
		{406FD412-B505-4D0C-BF31-8BA01BA61F64}.Release|x64.ActiveCfg = Release|Any CPU
		{406FD412-B505-4D0C-BF31-8BA01BA61F64}.Release|x64.Build.0 = Release|Any CPU
		{406FD412-B505-4D0C-BF31-8BA01BA61F64}.Release|x86.ActiveCfg = Release|Any CPU
		{406FD412-B505-4D0C-BF31-8BA01BA61F64}.Release|x86.Build.0 = Release|Any CPU
	EndGlobalSection
	GlobalSection(SolutionProperties) = preSolution
		HideSolutionNode = FALSE
	EndGlobalSection
	GlobalSection(ExtensibilityGlobals) = postSolution
		SolutionGuid = {A101B266-785D-4995-8CC0-4E8AAA487276}
	EndGlobalSection
EndGlobal
